// !$*UTF8*$!
{
	archiveVersion = 1;
	classes = {
	};
	objectVersion = 46;
	objects = {

/* Begin PBXBuildFile section */
		0E9C8B4016D52AF600BB12EF /* CameraDemoOverlayViewController.m in Sources */ = {isa = PBXBuildFile; fileRef = 0E9C8B3E16D52AF600BB12EF /* CameraDemoOverlayViewController.m */; };
		0E9C8B4116D52AF600BB12EF /* CameraDemoOverlayViewController.xib in Resources */ = {isa = PBXBuildFile; fileRef = 0E9C8B3F16D52AF600BB12EF /* CameraDemoOverlayViewController.xib */; };
		0E9C8B4516D53F6300BB12EF /* camera_overlay.png in Resources */ = {isa = PBXBuildFile; fileRef = 0E9C8B4416D53F6300BB12EF /* camera_overlay.png */; };
		3D0C817016D5D0A5004A9D92 /* ImagePreviewController.m in Sources */ = {isa = PBXBuildFile; fileRef = 3D0C816E16D5D0A4004A9D92 /* ImagePreviewController.m */; };
		3D0C817116D5D0A5004A9D92 /* ImagePreviewController.xib in Resources */ = {isa = PBXBuildFile; fileRef = 3D0C816F16D5D0A5004A9D92 /* ImagePreviewController.xib */; };
		3D0C817516D5D63C004A9D92 /* ImageEditController.m in Sources */ = {isa = PBXBuildFile; fileRef = 3D0C817316D5D63B004A9D92 /* ImageEditController.m */; };
		3D0C817616D5D63C004A9D92 /* ImageEditController.xib in Resources */ = {isa = PBXBuildFile; fileRef = 3D0C817416D5D63B004A9D92 /* ImageEditController.xib */; };
		3D2D28F716E6680400656E5B /* OpenGLES.framework in Frameworks */ = {isa = PBXBuildFile; fileRef = 3D2D28F616E6680400656E5B /* OpenGLES.framework */; };
		3D2D28FB16E66BB000656E5B /* ImageHelper.m in Sources */ = {isa = PBXBuildFile; fileRef = 3D2D28FA16E66BB000656E5B /* ImageHelper.m */; };
		3D580A5F16E8D6EC007383F1 /* libGPUImage.a in Frameworks */ = {isa = PBXBuildFile; fileRef = 3D580A5A16E8D2AE007383F1 /* libGPUImage.a */; };
		3D580A6116E8D80F007383F1 /* CoreMedia.framework in Frameworks */ = {isa = PBXBuildFile; fileRef = 3D580A6016E8D80F007383F1 /* CoreMedia.framework */; };
		3D580A6316E8D81C007383F1 /* CoreVideo.framework in Frameworks */ = {isa = PBXBuildFile; fileRef = 3D580A6216E8D81C007383F1 /* CoreVideo.framework */; };
		3D86517116EA274C005A1C87 /* opencv2.framework in Frameworks */ = {isa = PBXBuildFile; fileRef = 3D86517016EA274C005A1C87 /* opencv2.framework */; };
		3DE25E0C16D3C68100B5721A /* UIKit.framework in Frameworks */ = {isa = PBXBuildFile; fileRef = 3DE25E0B16D3C68100B5721A /* UIKit.framework */; };
		3DE25E0E16D3C68100B5721A /* Foundation.framework in Frameworks */ = {isa = PBXBuildFile; fileRef = 3DE25E0D16D3C68100B5721A /* Foundation.framework */; };
		3DE25E1016D3C68100B5721A /* CoreGraphics.framework in Frameworks */ = {isa = PBXBuildFile; fileRef = 3DE25E0F16D3C68100B5721A /* CoreGraphics.framework */; };
		3DE25E1616D3C68100B5721A /* InfoPlist.strings in Resources */ = {isa = PBXBuildFile; fileRef = 3DE25E1416D3C68100B5721A /* InfoPlist.strings */; };
		3DE25E1816D3C68100B5721A /* main.m in Sources */ = {isa = PBXBuildFile; fileRef = 3DE25E1716D3C68100B5721A /* main.m */; };
		3DE25E1C16D3C68100B5721A /* CameraDemoAppDelegate.m in Sources */ = {isa = PBXBuildFile; fileRef = 3DE25E1B16D3C68100B5721A /* CameraDemoAppDelegate.m */; };
		3DE25E1E16D3C68100B5721A /* Default.png in Resources */ = {isa = PBXBuildFile; fileRef = 3DE25E1D16D3C68100B5721A /* Default.png */; };
		3DE25E2016D3C68100B5721A /* Default@2x.png in Resources */ = {isa = PBXBuildFile; fileRef = 3DE25E1F16D3C68100B5721A /* Default@2x.png */; };
		3DE25E2516D3C68100B5721A /* CameraDemoViewController.m in Sources */ = {isa = PBXBuildFile; fileRef = 3DE25E2416D3C68100B5721A /* CameraDemoViewController.m */; };
		3DE25E2816D3C68100B5721A /* CameraDemoViewController.xib in Resources */ = {isa = PBXBuildFile; fileRef = 3DE25E2616D3C68100B5721A /* CameraDemoViewController.xib */; };
		3DE25E3616D4001200B5721A /* CoreImage.framework in Frameworks */ = {isa = PBXBuildFile; fileRef = 3DE25E3416D4001200B5721A /* CoreImage.framework */; };
		3DE25E3716D4001200B5721A /* ImageIO.framework in Frameworks */ = {isa = PBXBuildFile; fileRef = 3DE25E3516D4001200B5721A /* ImageIO.framework */; };
		3DE25E3B16D4077C00B5721A /* AssetsLibrary.framework in Frameworks */ = {isa = PBXBuildFile; fileRef = 3DE25E3A16D4077C00B5721A /* AssetsLibrary.framework */; };
		3DE25E4C16D67BA900B5721A /* ProcessDocsViewController.mm in Sources */ = {isa = PBXBuildFile; fileRef = 3DE25E4A16D67BA900B5721A /* ProcessDocsViewController.mm */; };
		3DE25E4D16D67BA900B5721A /* ProcessDocsViewController.xib in Resources */ = {isa = PBXBuildFile; fileRef = 3DE25E4B16D67BA900B5721A /* ProcessDocsViewController.xib */; };
		3DE25E4F16D6845200B5721A /* QuartzCore.framework in Frameworks */ = {isa = PBXBuildFile; fileRef = 3DE25E4E16D6845200B5721A /* QuartzCore.framework */; };
		3DE25E5116D684E600B5721A /* MessageUI.framework in Frameworks */ = {isa = PBXBuildFile; fileRef = 3DE25E5016D684E600B5721A /* MessageUI.framework */; };
		3DE25E5616D69FFE00B5721A /* Base64.m in Sources */ = {isa = PBXBuildFile; fileRef = 3DE25E5516D69FFE00B5721A /* Base64.m */; };
		3DE25E6B16D6A68200B5721A /* CFNetwork.framework in Frameworks */ = {isa = PBXBuildFile; fileRef = 3DE25E6A16D6A68200B5721A /* CFNetwork.framework */; };
		3DE25E6D16D6A69700B5721A /* SystemConfiguration.framework in Frameworks */ = {isa = PBXBuildFile; fileRef = 3DE25E6C16D6A69700B5721A /* SystemConfiguration.framework */; };
		3DE25E6F16D6A6A400B5721A /* MobileCoreServices.framework in Frameworks */ = {isa = PBXBuildFile; fileRef = 3DE25E6E16D6A6A400B5721A /* MobileCoreServices.framework */; };
		3DE25E7116D6A6BC00B5721A /* libz.dylib in Frameworks */ = {isa = PBXBuildFile; fileRef = 3DE25E7016D6A6BB00B5721A /* libz.dylib */; };
		3DE25E8916D6A72500B5721A /* ASIAuthenticationDialog.m in Sources */ = {isa = PBXBuildFile; fileRef = 3DE25E7616D6A72500B5721A /* ASIAuthenticationDialog.m */; settings = {COMPILER_FLAGS = "-fno-objc-arc"; }; };
		3DE25E8A16D6A72500B5721A /* ASIDataCompressor.m in Sources */ = {isa = PBXBuildFile; fileRef = 3DE25E7916D6A72500B5721A /* ASIDataCompressor.m */; settings = {COMPILER_FLAGS = "-fno-objc-arc"; }; };
		3DE25E8B16D6A72500B5721A /* ASIDataDecompressor.m in Sources */ = {isa = PBXBuildFile; fileRef = 3DE25E7B16D6A72500B5721A /* ASIDataDecompressor.m */; settings = {COMPILER_FLAGS = "-fno-objc-arc"; }; };
		3DE25E8C16D6A72500B5721A /* ASIDownloadCache.m in Sources */ = {isa = PBXBuildFile; fileRef = 3DE25E7D16D6A72500B5721A /* ASIDownloadCache.m */; settings = {COMPILER_FLAGS = "-fno-objc-arc"; }; };
		3DE25E8D16D6A72500B5721A /* ASIFormDataRequest.m in Sources */ = {isa = PBXBuildFile; fileRef = 3DE25E7F16D6A72500B5721A /* ASIFormDataRequest.m */; settings = {COMPILER_FLAGS = "-fno-objc-arc"; }; };
		3DE25E8E16D6A72500B5721A /* ASIHTTPRequest.m in Sources */ = {isa = PBXBuildFile; fileRef = 3DE25E8116D6A72500B5721A /* ASIHTTPRequest.m */; settings = {COMPILER_FLAGS = "-fno-objc-arc"; }; };
		3DE25E8F16D6A72500B5721A /* ASIInputStream.m in Sources */ = {isa = PBXBuildFile; fileRef = 3DE25E8516D6A72500B5721A /* ASIInputStream.m */; settings = {COMPILER_FLAGS = "-fno-objc-arc"; }; };
		3DE25E9016D6A72500B5721A /* ASINetworkQueue.m in Sources */ = {isa = PBXBuildFile; fileRef = 3DE25E8716D6A72500B5721A /* ASINetworkQueue.m */; settings = {COMPILER_FLAGS = "-fno-objc-arc"; }; };
		3DE25E9716D6A95C00B5721A /* Reachability.m in Sources */ = {isa = PBXBuildFile; fileRef = 3DE25E9616D6A95C00B5721A /* Reachability.m */; };
		3DE25E9D16D6B1E400B5721A /* SoapMessage.plist in Resources */ = {isa = PBXBuildFile; fileRef = 3DE25E9C16D6B1E400B5721A /* SoapMessage.plist */; };
		3DF1C5CD16DBB3B20054C150 /* AVFoundation.framework in Frameworks */ = {isa = PBXBuildFile; fileRef = 3DF1C5CC16DBB3B20054C150 /* AVFoundation.framework */; };
		3DF1C5EA16DBDF6D0054C150 /* CropView.m in Sources */ = {isa = PBXBuildFile; fileRef = 3DF1C5E916DBDF6D0054C150 /* CropView.m */; };
		3DF1C61116DD54290054C150 /* 11-x.png in Resources */ = {isa = PBXBuildFile; fileRef = 3DF1C60216DD54290054C150 /* 11-x.png */; };
		3DF1C61216DD54290054C150 /* 19-check.png in Resources */ = {isa = PBXBuildFile; fileRef = 3DF1C60316DD54290054C150 /* 19-check.png */; };
		3DF1C61316DD54290054C150 /* ATMHud.m in Sources */ = {isa = PBXBuildFile; fileRef = 3DF1C60516DD54290054C150 /* ATMHud.m */; settings = {COMPILER_FLAGS = "-fno-objc-arc"; }; };
		3DF1C61416DD54290054C150 /* ATMHudQueueItem.m in Sources */ = {isa = PBXBuildFile; fileRef = 3DF1C60816DD54290054C150 /* ATMHudQueueItem.m */; settings = {COMPILER_FLAGS = "-fno-objc-arc"; }; };
		3DF1C61516DD54290054C150 /* ATMHudView.m in Sources */ = {isa = PBXBuildFile; fileRef = 3DF1C60A16DD54290054C150 /* ATMHudView.m */; settings = {COMPILER_FLAGS = "-fno-objc-arc"; }; };
		3DF1C61616DD54290054C150 /* ATMProgressLayer.m in Sources */ = {isa = PBXBuildFile; fileRef = 3DF1C60C16DD54290054C150 /* ATMProgressLayer.m */; settings = {COMPILER_FLAGS = "-fno-objc-arc"; }; };
		3DF1C61816DD54290054C150 /* ATMTextLayer.m in Sources */ = {isa = PBXBuildFile; fileRef = 3DF1C61016DD54290054C150 /* ATMTextLayer.m */; settings = {COMPILER_FLAGS = "-fno-objc-arc"; }; };
		3DF1C61B16DD55BA0054C150 /* ATMSoundFX.m in Sources */ = {isa = PBXBuildFile; fileRef = 3DF1C61A16DD55BA0054C150 /* ATMSoundFX.m */; settings = {COMPILER_FLAGS = "-fno-objc-arc"; }; };
		3DF1C61D16DD55D10054C150 /* AudioToolbox.framework in Frameworks */ = {isa = PBXBuildFile; fileRef = 3DF1C61C16DD55D10054C150 /* AudioToolbox.framework */; };
/* End PBXBuildFile section */

/* Begin PBXContainerItemProxy section */
		3D580A5916E8D2AE007383F1 /* PBXContainerItemProxy */ = {
			isa = PBXContainerItemProxy;
			containerPortal = 3D580A5316E8D2AD007383F1 /* GPUImage.xcodeproj */;
			proxyType = 2;
			remoteGlobalIDString = BCF1A33414DDB1EC00852800;
			remoteInfo = GPUImage;
		};
		3D580A5B16E8D2AE007383F1 /* PBXContainerItemProxy */ = {
			isa = PBXContainerItemProxy;
			containerPortal = 3D580A5316E8D2AD007383F1 /* GPUImage.xcodeproj */;
			proxyType = 2;
			remoteGlobalIDString = BCF1A34414DDB1EC00852800;
			remoteInfo = GPUImageTests;
		};
		3D580A5D16E8D6C9007383F1 /* PBXContainerItemProxy */ = {
			isa = PBXContainerItemProxy;
			containerPortal = 3D580A5316E8D2AD007383F1 /* GPUImage.xcodeproj */;
			proxyType = 1;
			remoteGlobalIDString = BCF1A33314DDB1EC00852800;
			remoteInfo = GPUImage;
		};
/* End PBXContainerItemProxy section */

/* Begin PBXFileReference section */
		0E9C8B3D16D52AF600BB12EF /* CameraDemoOverlayViewController.h */ = {isa = PBXFileReference; fileEncoding = 4; lastKnownFileType = sourcecode.c.h; path = CameraDemoOverlayViewController.h; sourceTree = "<group>"; };
		0E9C8B3E16D52AF600BB12EF /* CameraDemoOverlayViewController.m */ = {isa = PBXFileReference; fileEncoding = 4; lastKnownFileType = sourcecode.c.objc; path = CameraDemoOverlayViewController.m; sourceTree = "<group>"; };
		0E9C8B3F16D52AF600BB12EF /* CameraDemoOverlayViewController.xib */ = {isa = PBXFileReference; fileEncoding = 4; lastKnownFileType = file.xib; path = CameraDemoOverlayViewController.xib; sourceTree = "<group>"; };
		0E9C8B4416D53F6300BB12EF /* camera_overlay.png */ = {isa = PBXFileReference; lastKnownFileType = image.png; path = camera_overlay.png; sourceTree = "<group>"; };
		3D0C816D16D5D0A4004A9D92 /* ImagePreviewController.h */ = {isa = PBXFileReference; fileEncoding = 4; lastKnownFileType = sourcecode.c.h; path = ImagePreviewController.h; sourceTree = "<group>"; };
		3D0C816E16D5D0A4004A9D92 /* ImagePreviewController.m */ = {isa = PBXFileReference; fileEncoding = 4; lastKnownFileType = sourcecode.c.objc; path = ImagePreviewController.m; sourceTree = "<group>"; };
		3D0C816F16D5D0A5004A9D92 /* ImagePreviewController.xib */ = {isa = PBXFileReference; fileEncoding = 4; lastKnownFileType = file.xib; path = ImagePreviewController.xib; sourceTree = "<group>"; };
		3D0C817216D5D63B004A9D92 /* ImageEditController.h */ = {isa = PBXFileReference; fileEncoding = 4; lastKnownFileType = sourcecode.c.h; path = ImageEditController.h; sourceTree = "<group>"; };
		3D0C817316D5D63B004A9D92 /* ImageEditController.m */ = {isa = PBXFileReference; fileEncoding = 4; lastKnownFileType = sourcecode.c.objc; path = ImageEditController.m; sourceTree = "<group>"; };
		3D0C817416D5D63B004A9D92 /* ImageEditController.xib */ = {isa = PBXFileReference; fileEncoding = 4; lastKnownFileType = file.xib; path = ImageEditController.xib; sourceTree = "<group>"; };
		3D2D28F616E6680400656E5B /* OpenGLES.framework */ = {isa = PBXFileReference; lastKnownFileType = wrapper.framework; name = OpenGLES.framework; path = System/Library/Frameworks/OpenGLES.framework; sourceTree = SDKROOT; };
		3D2D28F916E66BB000656E5B /* ImageHelper.h */ = {isa = PBXFileReference; fileEncoding = 4; lastKnownFileType = sourcecode.c.h; path = ImageHelper.h; sourceTree = "<group>"; };
		3D2D28FA16E66BB000656E5B /* ImageHelper.m */ = {isa = PBXFileReference; fileEncoding = 4; lastKnownFileType = sourcecode.c.objc; path = ImageHelper.m; sourceTree = "<group>"; };
		3D580A5316E8D2AD007383F1 /* GPUImage.xcodeproj */ = {isa = PBXFileReference; lastKnownFileType = "wrapper.pb-project"; name = GPUImage.xcodeproj; path = "../iOS/External Frameworks/GPUImage-master/framework/GPUImage.xcodeproj"; sourceTree = "<group>"; };
		3D580A6016E8D80F007383F1 /* CoreMedia.framework */ = {isa = PBXFileReference; lastKnownFileType = wrapper.framework; name = CoreMedia.framework; path = System/Library/Frameworks/CoreMedia.framework; sourceTree = SDKROOT; };
		3D580A6216E8D81C007383F1 /* CoreVideo.framework */ = {isa = PBXFileReference; lastKnownFileType = wrapper.framework; name = CoreVideo.framework; path = System/Library/Frameworks/CoreVideo.framework; sourceTree = SDKROOT; };
		3D86517016EA274C005A1C87 /* opencv2.framework */ = {isa = PBXFileReference; lastKnownFileType = wrapper.framework; path = opencv2.framework; sourceTree = "<group>"; };
		3DE25E0716D3C68100B5721A /* CameraDemo.app */ = {isa = PBXFileReference; explicitFileType = wrapper.application; includeInIndex = 0; path = CameraDemo.app; sourceTree = BUILT_PRODUCTS_DIR; };
		3DE25E0B16D3C68100B5721A /* UIKit.framework */ = {isa = PBXFileReference; lastKnownFileType = wrapper.framework; name = UIKit.framework; path = System/Library/Frameworks/UIKit.framework; sourceTree = SDKROOT; };
		3DE25E0D16D3C68100B5721A /* Foundation.framework */ = {isa = PBXFileReference; lastKnownFileType = wrapper.framework; name = Foundation.framework; path = System/Library/Frameworks/Foundation.framework; sourceTree = SDKROOT; };
		3DE25E0F16D3C68100B5721A /* CoreGraphics.framework */ = {isa = PBXFileReference; lastKnownFileType = wrapper.framework; name = CoreGraphics.framework; path = System/Library/Frameworks/CoreGraphics.framework; sourceTree = SDKROOT; };
		3DE25E1316D3C68100B5721A /* CameraDemo-Info.plist */ = {isa = PBXFileReference; lastKnownFileType = text.plist.xml; path = "CameraDemo-Info.plist"; sourceTree = "<group>"; };
		3DE25E1516D3C68100B5721A /* en */ = {isa = PBXFileReference; lastKnownFileType = text.plist.strings; name = en; path = en.lproj/InfoPlist.strings; sourceTree = "<group>"; };
		3DE25E1716D3C68100B5721A /* main.m */ = {isa = PBXFileReference; lastKnownFileType = sourcecode.c.objc; path = main.m; sourceTree = "<group>"; };
		3DE25E1916D3C68100B5721A /* CameraDemo-Prefix.pch */ = {isa = PBXFileReference; lastKnownFileType = sourcecode.c.h; path = "CameraDemo-Prefix.pch"; sourceTree = "<group>"; };
		3DE25E1A16D3C68100B5721A /* CameraDemoAppDelegate.h */ = {isa = PBXFileReference; lastKnownFileType = sourcecode.c.h; path = CameraDemoAppDelegate.h; sourceTree = "<group>"; };
		3DE25E1B16D3C68100B5721A /* CameraDemoAppDelegate.m */ = {isa = PBXFileReference; lastKnownFileType = sourcecode.c.objc; path = CameraDemoAppDelegate.m; sourceTree = "<group>"; };
		3DE25E1D16D3C68100B5721A /* Default.png */ = {isa = PBXFileReference; lastKnownFileType = image.png; path = Default.png; sourceTree = "<group>"; };
		3DE25E1F16D3C68100B5721A /* Default@2x.png */ = {isa = PBXFileReference; lastKnownFileType = image.png; path = "Default@2x.png"; sourceTree = "<group>"; };
		3DE25E2116D3C68100B5721A /* Default-568h@2x.png */ = {isa = PBXFileReference; lastKnownFileType = image.png; path = "Default-568h@2x.png"; sourceTree = "<group>"; };
		3DE25E2316D3C68100B5721A /* CameraDemoViewController.h */ = {isa = PBXFileReference; lastKnownFileType = sourcecode.c.h; path = CameraDemoViewController.h; sourceTree = "<group>"; };
		3DE25E2416D3C68100B5721A /* CameraDemoViewController.m */ = {isa = PBXFileReference; lastKnownFileType = sourcecode.c.objc; path = CameraDemoViewController.m; sourceTree = "<group>"; };
		3DE25E2716D3C68100B5721A /* en */ = {isa = PBXFileReference; lastKnownFileType = file.xib; name = en; path = en.lproj/CameraDemoViewController.xib; sourceTree = "<group>"; };
		3DE25E3416D4001200B5721A /* CoreImage.framework */ = {isa = PBXFileReference; lastKnownFileType = wrapper.framework; name = CoreImage.framework; path = System/Library/Frameworks/CoreImage.framework; sourceTree = SDKROOT; };
		3DE25E3516D4001200B5721A /* ImageIO.framework */ = {isa = PBXFileReference; lastKnownFileType = wrapper.framework; name = ImageIO.framework; path = System/Library/Frameworks/ImageIO.framework; sourceTree = SDKROOT; };
		3DE25E3A16D4077C00B5721A /* AssetsLibrary.framework */ = {isa = PBXFileReference; lastKnownFileType = wrapper.framework; name = AssetsLibrary.framework; path = System/Library/Frameworks/AssetsLibrary.framework; sourceTree = SDKROOT; };
		3DE25E4916D67BA900B5721A /* ProcessDocsViewController.h */ = {isa = PBXFileReference; fileEncoding = 4; lastKnownFileType = sourcecode.c.h; path = ProcessDocsViewController.h; sourceTree = "<group>"; };
		3DE25E4A16D67BA900B5721A /* ProcessDocsViewController.mm */ = {isa = PBXFileReference; fileEncoding = 4; lastKnownFileType = sourcecode.cpp.objcpp; path = ProcessDocsViewController.mm; sourceTree = "<group>"; };
		3DE25E4B16D67BA900B5721A /* ProcessDocsViewController.xib */ = {isa = PBXFileReference; fileEncoding = 4; lastKnownFileType = file.xib; path = ProcessDocsViewController.xib; sourceTree = "<group>"; };
		3DE25E4E16D6845200B5721A /* QuartzCore.framework */ = {isa = PBXFileReference; lastKnownFileType = wrapper.framework; name = QuartzCore.framework; path = System/Library/Frameworks/QuartzCore.framework; sourceTree = SDKROOT; };
		3DE25E5016D684E600B5721A /* MessageUI.framework */ = {isa = PBXFileReference; lastKnownFileType = wrapper.framework; name = MessageUI.framework; path = System/Library/Frameworks/MessageUI.framework; sourceTree = SDKROOT; };
		3DE25E5416D69FFE00B5721A /* Base64.h */ = {isa = PBXFileReference; fileEncoding = 4; lastKnownFileType = sourcecode.c.h; name = Base64.h; path = CameraDemo/Base64.h; sourceTree = "<group>"; };
		3DE25E5516D69FFE00B5721A /* Base64.m */ = {isa = PBXFileReference; fileEncoding = 4; lastKnownFileType = sourcecode.c.objc; name = Base64.m; path = CameraDemo/Base64.m; sourceTree = "<group>"; };
		3DE25E6A16D6A68200B5721A /* CFNetwork.framework */ = {isa = PBXFileReference; lastKnownFileType = wrapper.framework; name = CFNetwork.framework; path = System/Library/Frameworks/CFNetwork.framework; sourceTree = SDKROOT; };
		3DE25E6C16D6A69700B5721A /* SystemConfiguration.framework */ = {isa = PBXFileReference; lastKnownFileType = wrapper.framework; name = SystemConfiguration.framework; path = System/Library/Frameworks/SystemConfiguration.framework; sourceTree = SDKROOT; };
		3DE25E6E16D6A6A400B5721A /* MobileCoreServices.framework */ = {isa = PBXFileReference; lastKnownFileType = wrapper.framework; name = MobileCoreServices.framework; path = System/Library/Frameworks/MobileCoreServices.framework; sourceTree = SDKROOT; };
		3DE25E7016D6A6BB00B5721A /* libz.dylib */ = {isa = PBXFileReference; lastKnownFileType = "compiled.mach-o.dylib"; name = libz.dylib; path = usr/lib/libz.dylib; sourceTree = SDKROOT; };
		3DE25E7516D6A72500B5721A /* ASIAuthenticationDialog.h */ = {isa = PBXFileReference; fileEncoding = 4; lastKnownFileType = sourcecode.c.h; path = ASIAuthenticationDialog.h; sourceTree = "<group>"; };
		3DE25E7616D6A72500B5721A /* ASIAuthenticationDialog.m */ = {isa = PBXFileReference; fileEncoding = 4; lastKnownFileType = sourcecode.c.objc; path = ASIAuthenticationDialog.m; sourceTree = "<group>"; };
		3DE25E7716D6A72500B5721A /* ASICacheDelegate.h */ = {isa = PBXFileReference; fileEncoding = 4; lastKnownFileType = sourcecode.c.h; path = ASICacheDelegate.h; sourceTree = "<group>"; };
		3DE25E7816D6A72500B5721A /* ASIDataCompressor.h */ = {isa = PBXFileReference; fileEncoding = 4; lastKnownFileType = sourcecode.c.h; path = ASIDataCompressor.h; sourceTree = "<group>"; };
		3DE25E7916D6A72500B5721A /* ASIDataCompressor.m */ = {isa = PBXFileReference; fileEncoding = 4; lastKnownFileType = sourcecode.c.objc; path = ASIDataCompressor.m; sourceTree = "<group>"; };
		3DE25E7A16D6A72500B5721A /* ASIDataDecompressor.h */ = {isa = PBXFileReference; fileEncoding = 4; lastKnownFileType = sourcecode.c.h; path = ASIDataDecompressor.h; sourceTree = "<group>"; };
		3DE25E7B16D6A72500B5721A /* ASIDataDecompressor.m */ = {isa = PBXFileReference; fileEncoding = 4; lastKnownFileType = sourcecode.c.objc; path = ASIDataDecompressor.m; sourceTree = "<group>"; };
		3DE25E7C16D6A72500B5721A /* ASIDownloadCache.h */ = {isa = PBXFileReference; fileEncoding = 4; lastKnownFileType = sourcecode.c.h; path = ASIDownloadCache.h; sourceTree = "<group>"; };
		3DE25E7D16D6A72500B5721A /* ASIDownloadCache.m */ = {isa = PBXFileReference; fileEncoding = 4; lastKnownFileType = sourcecode.c.objc; path = ASIDownloadCache.m; sourceTree = "<group>"; };
		3DE25E7E16D6A72500B5721A /* ASIFormDataRequest.h */ = {isa = PBXFileReference; fileEncoding = 4; lastKnownFileType = sourcecode.c.h; path = ASIFormDataRequest.h; sourceTree = "<group>"; };
		3DE25E7F16D6A72500B5721A /* ASIFormDataRequest.m */ = {isa = PBXFileReference; fileEncoding = 4; lastKnownFileType = sourcecode.c.objc; path = ASIFormDataRequest.m; sourceTree = "<group>"; };
		3DE25E8016D6A72500B5721A /* ASIHTTPRequest.h */ = {isa = PBXFileReference; fileEncoding = 4; lastKnownFileType = sourcecode.c.h; path = ASIHTTPRequest.h; sourceTree = "<group>"; };
		3DE25E8116D6A72500B5721A /* ASIHTTPRequest.m */ = {isa = PBXFileReference; fileEncoding = 4; lastKnownFileType = sourcecode.c.objc; path = ASIHTTPRequest.m; sourceTree = "<group>"; };
		3DE25E8216D6A72500B5721A /* ASIHTTPRequestConfig.h */ = {isa = PBXFileReference; fileEncoding = 4; lastKnownFileType = sourcecode.c.h; path = ASIHTTPRequestConfig.h; sourceTree = "<group>"; };
		3DE25E8316D6A72500B5721A /* ASIHTTPRequestDelegate.h */ = {isa = PBXFileReference; fileEncoding = 4; lastKnownFileType = sourcecode.c.h; path = ASIHTTPRequestDelegate.h; sourceTree = "<group>"; };
		3DE25E8416D6A72500B5721A /* ASIInputStream.h */ = {isa = PBXFileReference; fileEncoding = 4; lastKnownFileType = sourcecode.c.h; path = ASIInputStream.h; sourceTree = "<group>"; };
		3DE25E8516D6A72500B5721A /* ASIInputStream.m */ = {isa = PBXFileReference; fileEncoding = 4; lastKnownFileType = sourcecode.c.objc; path = ASIInputStream.m; sourceTree = "<group>"; };
		3DE25E8616D6A72500B5721A /* ASINetworkQueue.h */ = {isa = PBXFileReference; fileEncoding = 4; lastKnownFileType = sourcecode.c.h; path = ASINetworkQueue.h; sourceTree = "<group>"; };
		3DE25E8716D6A72500B5721A /* ASINetworkQueue.m */ = {isa = PBXFileReference; fileEncoding = 4; lastKnownFileType = sourcecode.c.objc; path = ASINetworkQueue.m; sourceTree = "<group>"; };
		3DE25E8816D6A72500B5721A /* ASIProgressDelegate.h */ = {isa = PBXFileReference; fileEncoding = 4; lastKnownFileType = sourcecode.c.h; path = ASIProgressDelegate.h; sourceTree = "<group>"; };
		3DE25E9516D6A95C00B5721A /* Reachability.h */ = {isa = PBXFileReference; fileEncoding = 4; lastKnownFileType = sourcecode.c.h; path = Reachability.h; sourceTree = "<group>"; };
		3DE25E9616D6A95C00B5721A /* Reachability.m */ = {isa = PBXFileReference; fileEncoding = 4; lastKnownFileType = sourcecode.c.objc; path = Reachability.m; sourceTree = "<group>"; };
		3DE25E9C16D6B1E400B5721A /* SoapMessage.plist */ = {isa = PBXFileReference; fileEncoding = 4; lastKnownFileType = text.plist.xml; path = SoapMessage.plist; sourceTree = "<group>"; };
		3DF1C5CC16DBB3B20054C150 /* AVFoundation.framework */ = {isa = PBXFileReference; lastKnownFileType = wrapper.framework; name = AVFoundation.framework; path = System/Library/Frameworks/AVFoundation.framework; sourceTree = SDKROOT; };
		3DF1C5E816DBDF6D0054C150 /* CropView.h */ = {isa = PBXFileReference; fileEncoding = 4; lastKnownFileType = sourcecode.c.h; path = CropView.h; sourceTree = "<group>"; };
		3DF1C5E916DBDF6D0054C150 /* CropView.m */ = {isa = PBXFileReference; fileEncoding = 4; lastKnownFileType = sourcecode.c.objc; path = CropView.m; sourceTree = "<group>"; };
		3DF1C60216DD54290054C150 /* 11-x.png */ = {isa = PBXFileReference; lastKnownFileType = image.png; path = "11-x.png"; sourceTree = "<group>"; };
		3DF1C60316DD54290054C150 /* 19-check.png */ = {isa = PBXFileReference; lastKnownFileType = image.png; path = "19-check.png"; sourceTree = "<group>"; };
		3DF1C60416DD54290054C150 /* ATMHud.h */ = {isa = PBXFileReference; fileEncoding = 4; lastKnownFileType = sourcecode.c.h; path = ATMHud.h; sourceTree = "<group>"; };
		3DF1C60516DD54290054C150 /* ATMHud.m */ = {isa = PBXFileReference; fileEncoding = 4; lastKnownFileType = sourcecode.c.objc; path = ATMHud.m; sourceTree = "<group>"; };
		3DF1C60616DD54290054C150 /* ATMHudDelegate.h */ = {isa = PBXFileReference; fileEncoding = 4; lastKnownFileType = sourcecode.c.h; path = ATMHudDelegate.h; sourceTree = "<group>"; };
		3DF1C60716DD54290054C150 /* ATMHudQueueItem.h */ = {isa = PBXFileReference; fileEncoding = 4; lastKnownFileType = sourcecode.c.h; path = ATMHudQueueItem.h; sourceTree = "<group>"; };
		3DF1C60816DD54290054C150 /* ATMHudQueueItem.m */ = {isa = PBXFileReference; fileEncoding = 4; lastKnownFileType = sourcecode.c.objc; path = ATMHudQueueItem.m; sourceTree = "<group>"; };
		3DF1C60916DD54290054C150 /* ATMHudView.h */ = {isa = PBXFileReference; fileEncoding = 4; lastKnownFileType = sourcecode.c.h; path = ATMHudView.h; sourceTree = "<group>"; };
		3DF1C60A16DD54290054C150 /* ATMHudView.m */ = {isa = PBXFileReference; fileEncoding = 4; lastKnownFileType = sourcecode.c.objc; path = ATMHudView.m; sourceTree = "<group>"; };
		3DF1C60B16DD54290054C150 /* ATMProgressLayer.h */ = {isa = PBXFileReference; fileEncoding = 4; lastKnownFileType = sourcecode.c.h; path = ATMProgressLayer.h; sourceTree = "<group>"; };
		3DF1C60C16DD54290054C150 /* ATMProgressLayer.m */ = {isa = PBXFileReference; fileEncoding = 4; lastKnownFileType = sourcecode.c.objc; path = ATMProgressLayer.m; sourceTree = "<group>"; };
		3DF1C60F16DD54290054C150 /* ATMTextLayer.h */ = {isa = PBXFileReference; fileEncoding = 4; lastKnownFileType = sourcecode.c.h; path = ATMTextLayer.h; sourceTree = "<group>"; };
		3DF1C61016DD54290054C150 /* ATMTextLayer.m */ = {isa = PBXFileReference; fileEncoding = 4; lastKnownFileType = sourcecode.c.objc; path = ATMTextLayer.m; sourceTree = "<group>"; };
		3DF1C61916DD55BA0054C150 /* ATMSoundFX.h */ = {isa = PBXFileReference; fileEncoding = 4; lastKnownFileType = sourcecode.c.h; path = ATMSoundFX.h; sourceTree = "<group>"; };
		3DF1C61A16DD55BA0054C150 /* ATMSoundFX.m */ = {isa = PBXFileReference; fileEncoding = 4; lastKnownFileType = sourcecode.c.objc; path = ATMSoundFX.m; sourceTree = "<group>"; };
		3DF1C61C16DD55D10054C150 /* AudioToolbox.framework */ = {isa = PBXFileReference; lastKnownFileType = wrapper.framework; name = AudioToolbox.framework; path = System/Library/Frameworks/AudioToolbox.framework; sourceTree = SDKROOT; };
/* End PBXFileReference section */

/* Begin PBXFrameworksBuildPhase section */
		3DE25E0416D3C68100B5721A /* Frameworks */ = {
			isa = PBXFrameworksBuildPhase;
			buildActionMask = 2147483647;
			files = (
				3D580A6316E8D81C007383F1 /* CoreVideo.framework in Frameworks */,
				3D580A6116E8D80F007383F1 /* CoreMedia.framework in Frameworks */,
				3D580A5F16E8D6EC007383F1 /* libGPUImage.a in Frameworks */,
				3D2D28F716E6680400656E5B /* OpenGLES.framework in Frameworks */,
				3DF1C61D16DD55D10054C150 /* AudioToolbox.framework in Frameworks */,
				3DF1C5CD16DBB3B20054C150 /* AVFoundation.framework in Frameworks */,
				3DE25E7116D6A6BC00B5721A /* libz.dylib in Frameworks */,
				3DE25E1016D3C68100B5721A /* CoreGraphics.framework in Frameworks */,
				3DE25E6F16D6A6A400B5721A /* MobileCoreServices.framework in Frameworks */,
				3DE25E6D16D6A69700B5721A /* SystemConfiguration.framework in Frameworks */,
				3DE25E6B16D6A68200B5721A /* CFNetwork.framework in Frameworks */,
				3DE25E5116D684E600B5721A /* MessageUI.framework in Frameworks */,
				3DE25E4F16D6845200B5721A /* QuartzCore.framework in Frameworks */,
				3DE25E3B16D4077C00B5721A /* AssetsLibrary.framework in Frameworks */,
				3DE25E3616D4001200B5721A /* CoreImage.framework in Frameworks */,
				3DE25E3716D4001200B5721A /* ImageIO.framework in Frameworks */,
				3DE25E0C16D3C68100B5721A /* UIKit.framework in Frameworks */,
				3DE25E0E16D3C68100B5721A /* Foundation.framework in Frameworks */,
				3D86517116EA274C005A1C87 /* opencv2.framework in Frameworks */,
			);
			runOnlyForDeploymentPostprocessing = 0;
		};
/* End PBXFrameworksBuildPhase section */

/* Begin PBXGroup section */
		0E9C8B4B16D54A8600BB12EF /* xib */ = {
			isa = PBXGroup;
			children = (
				3DE25E2616D3C68100B5721A /* CameraDemoViewController.xib */,
				0E9C8B3F16D52AF600BB12EF /* CameraDemoOverlayViewController.xib */,
				3D0C817416D5D63B004A9D92 /* ImageEditController.xib */,
				3D0C816F16D5D0A5004A9D92 /* ImagePreviewController.xib */,
				3DE25E4B16D67BA900B5721A /* ProcessDocsViewController.xib */,
			);
			name = xib;
			sourceTree = "<group>";
		};
		3D2D28F816E66B9F00656E5B /* ImageHelper */ = {
			isa = PBXGroup;
			children = (
				3D2D28F916E66BB000656E5B /* ImageHelper.h */,
				3D2D28FA16E66BB000656E5B /* ImageHelper.m */,
			);
			name = ImageHelper;
			sourceTree = "<group>";
		};
		3D580A5416E8D2AD007383F1 /* Products */ = {
			isa = PBXGroup;
			children = (
				3D580A5A16E8D2AE007383F1 /* libGPUImage.a */,
				3D580A5C16E8D2AE007383F1 /* GPUImageTests.octest */,
			);
			name = Products;
			sourceTree = "<group>";
		};
		3DE25DFC16D3C68100B5721A = {
			isa = PBXGroup;
			children = (
				3D580A5316E8D2AD007383F1 /* GPUImage.xcodeproj */,
				3DE25E7216D6A6E500B5721A /* External */,
				3DE25E1116D3C68100B5721A /* CameraDemo */,
				3DE25E0A16D3C68100B5721A /* Frameworks */,
				3DE25E0816D3C68100B5721A /* Products */,
			);
			sourceTree = "<group>";
		};
		3DE25E0816D3C68100B5721A /* Products */ = {
			isa = PBXGroup;
			children = (
				3DE25E0716D3C68100B5721A /* CameraDemo.app */,
			);
			name = Products;
			sourceTree = "<group>";
		};
		3DE25E0A16D3C68100B5721A /* Frameworks */ = {
			isa = PBXGroup;
			children = (
				3D86517016EA274C005A1C87 /* opencv2.framework */,
				3D580A6216E8D81C007383F1 /* CoreVideo.framework */,
				3D580A6016E8D80F007383F1 /* CoreMedia.framework */,
				3D2D28F616E6680400656E5B /* OpenGLES.framework */,
				3DF1C61C16DD55D10054C150 /* AudioToolbox.framework */,
				3DF1C5CC16DBB3B20054C150 /* AVFoundation.framework */,
				3DE25E7016D6A6BB00B5721A /* libz.dylib */,
				3DE25E6E16D6A6A400B5721A /* MobileCoreServices.framework */,
				3DE25E6C16D6A69700B5721A /* SystemConfiguration.framework */,
				3DE25E6A16D6A68200B5721A /* CFNetwork.framework */,
				3DE25E5016D684E600B5721A /* MessageUI.framework */,
				3DE25E4E16D6845200B5721A /* QuartzCore.framework */,
				3DE25E3A16D4077C00B5721A /* AssetsLibrary.framework */,
				3DE25E3416D4001200B5721A /* CoreImage.framework */,
				3DE25E3516D4001200B5721A /* ImageIO.framework */,
				3DE25E0B16D3C68100B5721A /* UIKit.framework */,
				3DE25E0D16D3C68100B5721A /* Foundation.framework */,
				3DE25E0F16D3C68100B5721A /* CoreGraphics.framework */,
			);
			name = Frameworks;
			sourceTree = "<group>";
		};
		3DE25E1116D3C68100B5721A /* CameraDemo */ = {
			isa = PBXGroup;
			children = (
				3DE25E1A16D3C68100B5721A /* CameraDemoAppDelegate.h */,
				3DE25E1B16D3C68100B5721A /* CameraDemoAppDelegate.m */,
				3DE25E2316D3C68100B5721A /* CameraDemoViewController.h */,
				3DE25E2416D3C68100B5721A /* CameraDemoViewController.m */,
				0E9C8B3D16D52AF600BB12EF /* CameraDemoOverlayViewController.h */,
				0E9C8B3E16D52AF600BB12EF /* CameraDemoOverlayViewController.m */,
				3D0C817216D5D63B004A9D92 /* ImageEditController.h */,
				3D0C817316D5D63B004A9D92 /* ImageEditController.m */,
				3D0C816D16D5D0A4004A9D92 /* ImagePreviewController.h */,
				3D0C816E16D5D0A4004A9D92 /* ImagePreviewController.m */,
				3DE25E4916D67BA900B5721A /* ProcessDocsViewController.h */,
				3DE25E4A16D67BA900B5721A /* ProcessDocsViewController.mm */,
				3DF1C5E816DBDF6D0054C150 /* CropView.h */,
				3DF1C5E916DBDF6D0054C150 /* CropView.m */,
				3DE25E1216D3C68100B5721A /* Supporting Files */,
			);
			path = CameraDemo;
			sourceTree = "<group>";
		};
		3DE25E1216D3C68100B5721A /* Supporting Files */ = {
			isa = PBXGroup;
			children = (
				0E9C8B4B16D54A8600BB12EF /* xib */,
				0E9C8B4416D53F6300BB12EF /* camera_overlay.png */,
				3DE25E1316D3C68100B5721A /* CameraDemo-Info.plist */,
				3DE25E1416D3C68100B5721A /* InfoPlist.strings */,
				3DE25E1716D3C68100B5721A /* main.m */,
				3DE25E1916D3C68100B5721A /* CameraDemo-Prefix.pch */,
				3DE25E1D16D3C68100B5721A /* Default.png */,
				3DE25E1F16D3C68100B5721A /* Default@2x.png */,
				3DE25E2116D3C68100B5721A /* Default-568h@2x.png */,
				3DE25E9C16D6B1E400B5721A /* SoapMessage.plist */,
			);
			name = "Supporting Files";
			sourceTree = "<group>";
		};
		3DE25E7216D6A6E500B5721A /* External */ = {
			isa = PBXGroup;
			children = (
				3D2D28F816E66B9F00656E5B /* ImageHelper */,
				3DF1C60016DD54050054C150 /* ATMHud */,
				3DE25E7416D6A6F500B5721A /* Base64 */,
				3DE25E7316D6A6ED00B5721A /* ASIHTTPRequest */,
			);
			name = External;
			sourceTree = "<group>";
		};
		3DE25E7316D6A6ED00B5721A /* ASIHTTPRequest */ = {
			isa = PBXGroup;
			children = (
				3DE25E9516D6A95C00B5721A /* Reachability.h */,
				3DE25E9616D6A95C00B5721A /* Reachability.m */,
				3DE25E7516D6A72500B5721A /* ASIAuthenticationDialog.h */,
				3DE25E7616D6A72500B5721A /* ASIAuthenticationDialog.m */,
				3DE25E7716D6A72500B5721A /* ASICacheDelegate.h */,
				3DE25E7816D6A72500B5721A /* ASIDataCompressor.h */,
				3DE25E7916D6A72500B5721A /* ASIDataCompressor.m */,
				3DE25E7A16D6A72500B5721A /* ASIDataDecompressor.h */,
				3DE25E7B16D6A72500B5721A /* ASIDataDecompressor.m */,
				3DE25E7C16D6A72500B5721A /* ASIDownloadCache.h */,
				3DE25E7D16D6A72500B5721A /* ASIDownloadCache.m */,
				3DE25E7E16D6A72500B5721A /* ASIFormDataRequest.h */,
				3DE25E7F16D6A72500B5721A /* ASIFormDataRequest.m */,
				3DE25E8016D6A72500B5721A /* ASIHTTPRequest.h */,
				3DE25E8116D6A72500B5721A /* ASIHTTPRequest.m */,
				3DE25E8216D6A72500B5721A /* ASIHTTPRequestConfig.h */,
				3DE25E8316D6A72500B5721A /* ASIHTTPRequestDelegate.h */,
				3DE25E8416D6A72500B5721A /* ASIInputStream.h */,
				3DE25E8516D6A72500B5721A /* ASIInputStream.m */,
				3DE25E8616D6A72500B5721A /* ASINetworkQueue.h */,
				3DE25E8716D6A72500B5721A /* ASINetworkQueue.m */,
				3DE25E8816D6A72500B5721A /* ASIProgressDelegate.h */,
			);
			name = ASIHTTPRequest;
			sourceTree = "<group>";
		};
		3DE25E7416D6A6F500B5721A /* Base64 */ = {
			isa = PBXGroup;
			children = (
				3DE25E5416D69FFE00B5721A /* Base64.h */,
				3DE25E5516D69FFE00B5721A /* Base64.m */,
			);
			name = Base64;
			sourceTree = "<group>";
		};
		3DF1C60016DD54050054C150 /* ATMHud */ = {
			isa = PBXGroup;
			children = (
				3DF1C61916DD55BA0054C150 /* ATMSoundFX.h */,
				3DF1C61A16DD55BA0054C150 /* ATMSoundFX.m */,
				3DF1C60216DD54290054C150 /* 11-x.png */,
				3DF1C60316DD54290054C150 /* 19-check.png */,
				3DF1C60416DD54290054C150 /* ATMHud.h */,
				3DF1C60516DD54290054C150 /* ATMHud.m */,
				3DF1C60616DD54290054C150 /* ATMHudDelegate.h */,
				3DF1C60716DD54290054C150 /* ATMHudQueueItem.h */,
				3DF1C60816DD54290054C150 /* ATMHudQueueItem.m */,
				3DF1C60916DD54290054C150 /* ATMHudView.h */,
				3DF1C60A16DD54290054C150 /* ATMHudView.m */,
				3DF1C60B16DD54290054C150 /* ATMProgressLayer.h */,
				3DF1C60C16DD54290054C150 /* ATMProgressLayer.m */,
				3DF1C60F16DD54290054C150 /* ATMTextLayer.h */,
				3DF1C61016DD54290054C150 /* ATMTextLayer.m */,
			);
			name = ATMHud;
			sourceTree = "<group>";
		};
/* End PBXGroup section */

/* Begin PBXNativeTarget section */
		3DE25E0616D3C68100B5721A /* CameraDemo */ = {
			isa = PBXNativeTarget;
			buildConfigurationList = 3DE25E2B16D3C68100B5721A /* Build configuration list for PBXNativeTarget "CameraDemo" */;
			buildPhases = (
				3DE25E0316D3C68100B5721A /* Sources */,
				3DE25E0416D3C68100B5721A /* Frameworks */,
				3DE25E0516D3C68100B5721A /* Resources */,
			);
			buildRules = (
			);
			dependencies = (
				3D580A5E16E8D6C9007383F1 /* PBXTargetDependency */,
			);
			name = CameraDemo;
			productName = CameraDemo;
			productReference = 3DE25E0716D3C68100B5721A /* CameraDemo.app */;
			productType = "com.apple.product-type.application";
		};
/* End PBXNativeTarget section */

/* Begin PBXProject section */
		3DE25DFE16D3C68100B5721A /* Project object */ = {
			isa = PBXProject;
			attributes = {
				CLASSPREFIX = CameraDemo;
				LastUpgradeCheck = 0450;
				ORGANIZATIONNAME = "Total Quality Logistics";
			};
			buildConfigurationList = 3DE25E0116D3C68100B5721A /* Build configuration list for PBXProject "CameraDemo" */;
			compatibilityVersion = "Xcode 3.2";
			developmentRegion = English;
			hasScannedForEncodings = 0;
			knownRegions = (
				en,
			);
			mainGroup = 3DE25DFC16D3C68100B5721A;
			productRefGroup = 3DE25E0816D3C68100B5721A /* Products */;
			projectDirPath = "";
			projectReferences = (
				{
					ProductGroup = 3D580A5416E8D2AD007383F1 /* Products */;
					ProjectRef = 3D580A5316E8D2AD007383F1 /* GPUImage.xcodeproj */;
				},
			);
			projectRoot = "";
			targets = (
				3DE25E0616D3C68100B5721A /* CameraDemo */,
			);
		};
/* End PBXProject section */

/* Begin PBXReferenceProxy section */
		3D580A5A16E8D2AE007383F1 /* libGPUImage.a */ = {
			isa = PBXReferenceProxy;
			fileType = archive.ar;
			path = libGPUImage.a;
			remoteRef = 3D580A5916E8D2AE007383F1 /* PBXContainerItemProxy */;
			sourceTree = BUILT_PRODUCTS_DIR;
		};
		3D580A5C16E8D2AE007383F1 /* GPUImageTests.octest */ = {
			isa = PBXReferenceProxy;
			fileType = wrapper.cfbundle;
			path = GPUImageTests.octest;
			remoteRef = 3D580A5B16E8D2AE007383F1 /* PBXContainerItemProxy */;
			sourceTree = BUILT_PRODUCTS_DIR;
		};
/* End PBXReferenceProxy section */

/* Begin PBXResourcesBuildPhase section */
		3DE25E0516D3C68100B5721A /* Resources */ = {
			isa = PBXResourcesBuildPhase;
			buildActionMask = 2147483647;
			files = (
				3DE25E1616D3C68100B5721A /* InfoPlist.strings in Resources */,
				3DE25E1E16D3C68100B5721A /* Default.png in Resources */,
				3DE25E2016D3C68100B5721A /* Default@2x.png in Resources */,
				3DE25E2816D3C68100B5721A /* CameraDemoViewController.xib in Resources */,
				0E9C8B4116D52AF600BB12EF /* CameraDemoOverlayViewController.xib in Resources */,
				0E9C8B4516D53F6300BB12EF /* camera_overlay.png in Resources */,
				3D0C817116D5D0A5004A9D92 /* ImagePreviewController.xib in Resources */,
				3D0C817616D5D63C004A9D92 /* ImageEditController.xib in Resources */,
				3DE25E4D16D67BA900B5721A /* ProcessDocsViewController.xib in Resources */,
				3DE25E9D16D6B1E400B5721A /* SoapMessage.plist in Resources */,
				3DF1C61116DD54290054C150 /* 11-x.png in Resources */,
				3DF1C61216DD54290054C150 /* 19-check.png in Resources */,
			);
			runOnlyForDeploymentPostprocessing = 0;
		};
/* End PBXResourcesBuildPhase section */

/* Begin PBXSourcesBuildPhase section */
		3DE25E0316D3C68100B5721A /* Sources */ = {
			isa = PBXSourcesBuildPhase;
			buildActionMask = 2147483647;
			files = (
				3DE25E1816D3C68100B5721A /* main.m in Sources */,
				3DE25E1C16D3C68100B5721A /* CameraDemoAppDelegate.m in Sources */,
				3DE25E2516D3C68100B5721A /* CameraDemoViewController.m in Sources */,
				0E9C8B4016D52AF600BB12EF /* CameraDemoOverlayViewController.m in Sources */,
				3D0C817016D5D0A5004A9D92 /* ImagePreviewController.m in Sources */,
				3D0C817516D5D63C004A9D92 /* ImageEditController.m in Sources */,
				3DE25E4C16D67BA900B5721A /* ProcessDocsViewController.mm in Sources */,
				3DE25E5616D69FFE00B5721A /* Base64.m in Sources */,
				3DE25E8916D6A72500B5721A /* ASIAuthenticationDialog.m in Sources */,
				3DE25E8A16D6A72500B5721A /* ASIDataCompressor.m in Sources */,
				3DE25E8B16D6A72500B5721A /* ASIDataDecompressor.m in Sources */,
				3DE25E8C16D6A72500B5721A /* ASIDownloadCache.m in Sources */,
				3DE25E8D16D6A72500B5721A /* ASIFormDataRequest.m in Sources */,
				3DE25E8E16D6A72500B5721A /* ASIHTTPRequest.m in Sources */,
				3DE25E8F16D6A72500B5721A /* ASIInputStream.m in Sources */,
				3DE25E9016D6A72500B5721A /* ASINetworkQueue.m in Sources */,
				3DE25E9716D6A95C00B5721A /* Reachability.m in Sources */,
				3DF1C5EA16DBDF6D0054C150 /* CropView.m in Sources */,
				3DF1C61316DD54290054C150 /* ATMHud.m in Sources */,
				3DF1C61416DD54290054C150 /* ATMHudQueueItem.m in Sources */,
				3DF1C61516DD54290054C150 /* ATMHudView.m in Sources */,
				3DF1C61616DD54290054C150 /* ATMProgressLayer.m in Sources */,
				3DF1C61816DD54290054C150 /* ATMTextLayer.m in Sources */,
				3DF1C61B16DD55BA0054C150 /* ATMSoundFX.m in Sources */,
				3D2D28FB16E66BB000656E5B /* ImageHelper.m in Sources */,
			);
			runOnlyForDeploymentPostprocessing = 0;
		};
/* End PBXSourcesBuildPhase section */

/* Begin PBXTargetDependency section */
		3D580A5E16E8D6C9007383F1 /* PBXTargetDependency */ = {
			isa = PBXTargetDependency;
			name = GPUImage;
			targetProxy = 3D580A5D16E8D6C9007383F1 /* PBXContainerItemProxy */;
		};
/* End PBXTargetDependency section */

/* Begin PBXVariantGroup section */
		3DE25E1416D3C68100B5721A /* InfoPlist.strings */ = {
			isa = PBXVariantGroup;
			children = (
				3DE25E1516D3C68100B5721A /* en */,
			);
			name = InfoPlist.strings;
			sourceTree = "<group>";
		};
		3DE25E2616D3C68100B5721A /* CameraDemoViewController.xib */ = {
			isa = PBXVariantGroup;
			children = (
				3DE25E2716D3C68100B5721A /* en */,
			);
			name = CameraDemoViewController.xib;
			sourceTree = "<group>";
		};
/* End PBXVariantGroup section */

/* Begin XCBuildConfiguration section */
		3DE25E2916D3C68100B5721A /* Debug */ = {
			isa = XCBuildConfiguration;
			buildSettings = {
				ALWAYS_SEARCH_USER_PATHS = NO;
				CLANG_CXX_LANGUAGE_STANDARD = "gnu++0x";
				CLANG_CXX_LIBRARY = "libc++";
				CLANG_ENABLE_OBJC_ARC = YES;
				CLANG_WARN_EMPTY_BODY = YES;
				CLANG_WARN__DUPLICATE_METHOD_MATCH = YES;
				"CODE_SIGN_IDENTITY[sdk=iphoneos*]" = "iPhone Developer";
				COPY_PHASE_STRIP = NO;
				GCC_C_LANGUAGE_STANDARD = gnu99;
				GCC_DYNAMIC_NO_PIC = NO;
				GCC_OPTIMIZATION_LEVEL = 0;
				GCC_PREPROCESSOR_DEFINITIONS = (
					"DEBUG=1",
					"$(inherited)",
				);
				GCC_SYMBOLS_PRIVATE_EXTERN = NO;
				GCC_WARN_ABOUT_RETURN_TYPE = YES;
				GCC_WARN_UNINITIALIZED_AUTOS = YES;
				GCC_WARN_UNUSED_VARIABLE = YES;
				IPHONEOS_DEPLOYMENT_TARGET = 6.0;
				ONLY_ACTIVE_ARCH = YES;
				SDKROOT = iphoneos;
			};
			name = Debug;
		};
		3DE25E2A16D3C68100B5721A /* Release */ = {
			isa = XCBuildConfiguration;
			buildSettings = {
				ALWAYS_SEARCH_USER_PATHS = NO;
				CLANG_CXX_LANGUAGE_STANDARD = "gnu++0x";
				CLANG_CXX_LIBRARY = "libc++";
				CLANG_ENABLE_OBJC_ARC = YES;
				CLANG_WARN_EMPTY_BODY = YES;
				CLANG_WARN__DUPLICATE_METHOD_MATCH = YES;
				"CODE_SIGN_IDENTITY[sdk=iphoneos*]" = "iPhone Developer";
				COPY_PHASE_STRIP = YES;
				GCC_C_LANGUAGE_STANDARD = gnu99;
				GCC_WARN_ABOUT_RETURN_TYPE = YES;
				GCC_WARN_UNINITIALIZED_AUTOS = YES;
				GCC_WARN_UNUSED_VARIABLE = YES;
				IPHONEOS_DEPLOYMENT_TARGET = 6.0;
				OTHER_CFLAGS = "-DNS_BLOCK_ASSERTIONS=1";
				SDKROOT = iphoneos;
				VALIDATE_PRODUCT = YES;
			};
			name = Release;
		};
		3DE25E2C16D3C68100B5721A /* Debug */ = {
			isa = XCBuildConfiguration;
			buildSettings = {
				FRAMEWORK_SEARCH_PATHS = (
					"$(inherited)",
					"\"$(SRCROOT)\"",
				);
				GCC_PRECOMPILE_PREFIX_HEADER = YES;
				GCC_PREFIX_HEADER = "CameraDemo/CameraDemo-Prefix.pch";
				HEADER_SEARCH_PATHS = (
					"\"/Users/TQL/Desktop/Mobile Applications/iOS/External Frameworks/GPUImage-master/framework\"/**",
				);
				INFOPLIST_FILE = "CameraDemo/CameraDemo-Info.plist";
				IPHONEOS_DEPLOYMENT_TARGET = 5.0;
				PRODUCT_NAME = "$(TARGET_NAME)";
				WRAPPER_EXTENSION = app;
			};
			name = Debug;
		};
		3DE25E2D16D3C68100B5721A /* Release */ = {
			isa = XCBuildConfiguration;
			buildSettings = {
				FRAMEWORK_SEARCH_PATHS = (
					"$(inherited)",
					"\"$(SRCROOT)\"",
				);
				GCC_PRECOMPILE_PREFIX_HEADER = YES;
				GCC_PREFIX_HEADER = "CameraDemo/CameraDemo-Prefix.pch";
				HEADER_SEARCH_PATHS = (
					"\"/Users/TQL/Desktop/Mobile Applications/iOS/External Frameworks/GPUImage-master/framework\"/**",
				);
				INFOPLIST_FILE = "CameraDemo/CameraDemo-Info.plist";
				IPHONEOS_DEPLOYMENT_TARGET = 5.0;
				PRODUCT_NAME = "$(TARGET_NAME)";
				WRAPPER_EXTENSION = app;
			};
			name = Release;
		};
/* End XCBuildConfiguration section */

/* Begin XCConfigurationList section */
		3DE25E0116D3C68100B5721A /* Build configuration list for PBXProject "CameraDemo" */ = {
			isa = XCConfigurationList;
			buildConfigurations = (
				3DE25E2916D3C68100B5721A /* Debug */,
				3DE25E2A16D3C68100B5721A /* Release */,
			);
			defaultConfigurationIsVisible = 0;
			defaultConfigurationName = Release;
		};
		3DE25E2B16D3C68100B5721A /* Build configuration list for PBXNativeTarget "CameraDemo" */ = {
			isa = XCConfigurationList;
			buildConfigurations = (
				3DE25E2C16D3C68100B5721A /* Debug */,
				3DE25E2D16D3C68100B5721A /* Release */,
			);
			defaultConfigurationIsVisible = 0;
			defaultConfigurationName = Release;
		};
/* End XCConfigurationList section */
	};
	rootObject = 3DE25DFE16D3C68100B5721A /* Project object */;
}
